
Microsoft Visual Studio Solution File, Format Version 12.00
# Visual Studio Version 16
VisualStudioVersion = 16.0.30503.244
MinimumVisualStudioVersion = 10.0.40219.1
Project("{FAE04EC0-301F-11D3-BF4B-00C04F79EFBC}") = "PeliculasApi", "PeliculasApi\PeliculasApi.csproj", "{CADF970A-2C2B-4E76-AA6C-69E88379D454}"
EndProject
Global
	GlobalSection(SolutionConfigurationPlatforms) = preSolution
		Debug|Any CPU = Debug|Any CPU
		Release|Any CPU = Release|Any CPU
	EndGlobalSection
	GlobalSection(ProjectConfigurationPlatforms) = postSolution
		{CADF970A-2C2B-4E76-AA6C-69E88379D454}.Debug|Any CPU.ActiveCfg = Debug|Any CPU
		{CADF970A-2C2B-4E76-AA6C-69E88379D454}.Debug|Any CPU.Build.0 = Debug|Any CPU
		{CADF970A-2C2B-4E76-AA6C-69E88379D454}.Release|Any CPU.ActiveCfg = Release|Any CPU
		{CADF970A-2C2B-4E76-AA6C-69E88379D454}.Release|Any CPU.Build.0 = Release|Any CPU
	EndGlobalSection
	GlobalSection(SolutionProperties) = preSolution
		HideSolutionNode = FALSE
	EndGlobalSection
	GlobalSection(ExtensibilityGlobals) = postSolution
		SolutionGuid = {5F308CBA-FFE3-4063-BC7B-669016C239A6}
	EndGlobalSection
EndGlobal
